
Microsoft Visual Studio Solution File, Format Version 12.00
# Visual Studio Version 17
VisualStudioVersion = 17.4.33205.214
MinimumVisualStudioVersion = 10.0.40219.1
Project("{FAE04EC0-301F-11D3-BF4B-00C04F79EFBC}") = "Naming", "Naming\Naming.csproj", "{C8BB66B7-F422-4163-877C-EAB1D82283D5}"
EndProject
Global
	GlobalSection(SolutionConfigurationPlatforms) = preSolution
		Debug|Any CPU = Debug|Any CPU
		Release|Any CPU = Release|Any CPU
	EndGlobalSection
	GlobalSection(ProjectConfigurationPlatforms) = postSolution
		{C8BB66B7-F422-4163-877C-EAB1D82283D5}.Debug|Any CPU.ActiveCfg = Debug|Any CPU
		{C8BB66B7-F422-4163-877C-EAB1D82283D5}.Debug|Any CPU.Build.0 = Debug|Any CPU
		{C8BB66B7-F422-4163-877C-EAB1D82283D5}.Release|Any CPU.ActiveCfg = Release|Any CPU
		{C8BB66B7-F422-4163-877C-EAB1D82283D5}.Release|Any CPU.Build.0 = Release|Any CPU
	EndGlobalSection
	GlobalSection(SolutionProperties) = preSolution
		HideSolutionNode = FALSE
	EndGlobalSection
	GlobalSection(ExtensibilityGlobals) = postSolution
		SolutionGuid = {4A19526F-35E8-4A16-B94A-A1F992D3CDE2}
	EndGlobalSection
EndGlobal
