
Microsoft Visual Studio Solution File, Format Version 12.00
# Visual Studio Version 17
VisualStudioVersion = 17.4.33205.214
MinimumVisualStudioVersion = 10.0.40219.1
Project("{FAE04EC0-301F-11D3-BF4B-00C04F79EFBC}") = "TDD.FizzBuzzGame", "TDD.FizzBuzzGame\TDD.FizzBuzzGame.csproj", "{451BD9A8-CB0C-499E-BEC1-C02FFAB2A8E7}"
EndProject
Project("{FAE04EC0-301F-11D3-BF4B-00C04F79EFBC}") = "TDD.FizzBuzz.Tests", "TDD.FizzBuzz.Tests\TDD.FizzBuzz.Tests.csproj", "{0164BFB6-B594-4357-A786-DA814945CB14}"
EndProject
Global
	GlobalSection(SolutionConfigurationPlatforms) = preSolution
		Debug|Any CPU = Debug|Any CPU
		Release|Any CPU = Release|Any CPU
	EndGlobalSection
	GlobalSection(ProjectConfigurationPlatforms) = postSolution
		{451BD9A8-CB0C-499E-BEC1-C02FFAB2A8E7}.Debug|Any CPU.ActiveCfg = Debug|Any CPU
		{451BD9A8-CB0C-499E-BEC1-C02FFAB2A8E7}.Debug|Any CPU.Build.0 = Debug|Any CPU
		{451BD9A8-CB0C-499E-BEC1-C02FFAB2A8E7}.Release|Any CPU.ActiveCfg = Release|Any CPU
		{451BD9A8-CB0C-499E-BEC1-C02FFAB2A8E7}.Release|Any CPU.Build.0 = Release|Any CPU
		{0164BFB6-B594-4357-A786-DA814945CB14}.Debug|Any CPU.ActiveCfg = Debug|Any CPU
		{0164BFB6-B594-4357-A786-DA814945CB14}.Debug|Any CPU.Build.0 = Debug|Any CPU
		{0164BFB6-B594-4357-A786-DA814945CB14}.Release|Any CPU.ActiveCfg = Release|Any CPU
		{0164BFB6-B594-4357-A786-DA814945CB14}.Release|Any CPU.Build.0 = Release|Any CPU
	EndGlobalSection
	GlobalSection(SolutionProperties) = preSolution
		HideSolutionNode = FALSE
	EndGlobalSection
	GlobalSection(ExtensibilityGlobals) = postSolution
		SolutionGuid = {20ACCA9C-6F55-4BAD-8565-9300B3E47B5D}
	EndGlobalSection
EndGlobal
